Microsoft Visual Studio Solution File, Format Version 12.00
# Visual Studio Version 17
VisualStudioVersion = 17.5.2.0
MinimumVisualStudioVersion = 10.0.40219.1
Project("{FAE04EC0-301F-11D3-BF4B-00C04F79EFBC}") = "ApiGateway", "ApiGateway\ApiGateway.csproj", "{ABE66B30-BD47-A7B2-B17B-5BA67959B026}"
EndProject
Project("{FAE04EC0-301F-11D3-BF4B-00C04F79EFBC}") = "Auth.Api", "Auth.Api\Auth.Api.csproj", "{6CCB51E9-DAB4-2CD9-A6C7-0D831C6FB937}"
EndProject
Project("{FAE04EC0-301F-11D3-BF4B-00C04F79EFBC}") = "Card.Api", "Card.Api\Card.Api.csproj", "{00AE3231-FFFF-8D05-DF56-BF7B8D7F0AF9}"
EndProject
Global
	GlobalSection(SolutionConfigurationPlatforms) = preSolution
		Debug|Any CPU = Debug|Any CPU
		Release|Any CPU = Release|Any CPU
	EndGlobalSection
	GlobalSection(ProjectConfigurationPlatforms) = postSolution
		{ABE66B30-BD47-A7B2-B17B-5BA67959B026}.Debug|Any CPU.ActiveCfg = Debug|Any CPU
		{ABE66B30-BD47-A7B2-B17B-5BA67959B026}.Debug|Any CPU.Build.0 = Debug|Any CPU
		{ABE66B30-BD47-A7B2-B17B-5BA67959B026}.Release|Any CPU.ActiveCfg = Release|Any CPU
		{ABE66B30-BD47-A7B2-B17B-5BA67959B026}.Release|Any CPU.Build.0 = Release|Any CPU
		{6CCB51E9-DAB4-2CD9-A6C7-0D831C6FB937}.Debug|Any CPU.ActiveCfg = Debug|Any CPU
		{6CCB51E9-DAB4-2CD9-A6C7-0D831C6FB937}.Debug|Any CPU.Build.0 = Debug|Any CPU
		{6CCB51E9-DAB4-2CD9-A6C7-0D831C6FB937}.Release|Any CPU.ActiveCfg = Release|Any CPU
		{6CCB51E9-DAB4-2CD9-A6C7-0D831C6FB937}.Release|Any CPU.Build.0 = Release|Any CPU
		{00AE3231-FFFF-8D05-DF56-BF7B8D7F0AF9}.Debug|Any CPU.ActiveCfg = Debug|Any CPU
		{00AE3231-FFFF-8D05-DF56-BF7B8D7F0AF9}.Debug|Any CPU.Build.0 = Debug|Any CPU
		{00AE3231-FFFF-8D05-DF56-BF7B8D7F0AF9}.Release|Any CPU.ActiveCfg = Release|Any CPU
		{00AE3231-FFFF-8D05-DF56-BF7B8D7F0AF9}.Release|Any CPU.Build.0 = Release|Any CPU
	EndGlobalSection
	GlobalSection(SolutionProperties) = preSolution
		HideSolutionNode = FALSE
	EndGlobalSection
	GlobalSection(ExtensibilityGlobals) = postSolution
		SolutionGuid = {266605D4-BA26-4311-9B55-F2B2468C31B9}
	EndGlobalSection
EndGlobal
